{
  "name": "rpgml",
  "version": "1.0.0",
  "lockfileVersion": 1,
  "requires": true,
  "dependencies": {
    "@types/pixi.js": {
      "version": "4.8.1",
      "resolved": "https://registry.npmjs.org/@types/pixi.js/-/pixi.js-4.8.1.tgz",
      "integrity": "sha512-aKAnT85e8fGJvHjLAVJoJuYg3S1vZxenCEwkj/kvGCBpcxZtxHi/okC3u23rJAsnoo/keBbfWyUIdijSIhwjSg==",
      "dev": true
    },
    "pixi-tilemap": {
      "version": "1.2.4",
      "resolved": "https://registry.npmjs.org/pixi-tilemap/-/pixi-tilemap-1.2.4.tgz",
      "integrity": "sha512-WW9tMsPCDH0Rd9nNByBQ/GB5jpxtH17rtWvEndxKriht9IOfEFb/BjQS5GDHnYIydXzVl6HcArdQRYJ0HG0ejQ==",
      "dev": true,
      "requires": {
        "@types/pixi.js": "^4.8.0"
      }
    }
  }
}
